
Microsoft Visual Studio Solution File, Format Version 11.00
# Visual Studio 2010
# SharpDevelop 5.1
Project("{FAE04EC0-301F-11D3-BF4B-00C04F79EFBC}") = "FanController", "FanController.csproj", "{A30323B6-DF2F-4A75-8701-4188F2E4419E}"
EndProject
Global
	GlobalSection(SolutionConfigurationPlatforms) = preSolution
		Debug|Any CPU = Debug|Any CPU
		Release|Any CPU = Release|Any CPU
	EndGlobalSection
	GlobalSection(ProjectConfigurationPlatforms) = postSolution
		{A30323B6-DF2F-4A75-8701-4188F2E4419E}.Debug|Any CPU.ActiveCfg = Debug|Any CPU
		{A30323B6-DF2F-4A75-8701-4188F2E4419E}.Debug|Any CPU.Build.0 = Debug|Any CPU
		{A30323B6-DF2F-4A75-8701-4188F2E4419E}.Release|Any CPU.ActiveCfg = Release|Any CPU
		{A30323B6-DF2F-4A75-8701-4188F2E4419E}.Release|Any CPU.Build.0 = Release|Any CPU
	EndGlobalSection
EndGlobal
